{
  "name": "prototype",
  "lockfileVersion": 2,
  "requires": true,
  "packages": {
    "": {
      "dependencies": {
        "jquery-timepicker": "^1.3.3"
      },
      "devDependencies": {
        "timepicker-ui": "^2.6.1"
      }
    },
    "node_modules/jquery": {
      "version": "3.6.3",
      "resolved": "https://registry.npmjs.org/jquery/-/jquery-3.6.3.tgz",
      "integrity": "sha512-bZ5Sy3YzKo9Fyc8wH2iIQK4JImJ6R0GWI9kL1/k7Z91ZBNgkRXE6U0JfHIizZbort8ZunhSI3jw9I6253ahKfg=="
    },
    "node_modules/jquery-timepicker": {
      "version": "1.3.3",
      "resolved": "https://registry.npmjs.org/jquery-timepicker/-/jquery-timepicker-1.3.3.tgz",
      "integrity": "sha512-yNIFmG80xyW6W4UNYUFBSQFfnjlz07MSIZRk3GNEnDbqLS0hikTu4l/FKtOMEF9HvP9fQvI27BMMnhiCu6wDsQ==",
      "dependencies": {
        "jquery": ">= 1.4.3"
      },
      "engines": {
        "node": ">= 0.6.0"
      }
    },
    "node_modules/timepicker-ui": {
      "version": "2.6.1",
      "resolved": "https://registry.npmjs.org/timepicker-ui/-/timepicker-ui-2.6.1.tgz",
      "integrity": "sha512-T199nYp0uyNpKTn37+1DGfgROfsdZYKg3rE6mRmQU095nKDRL0ZSz87/XoT64s6Lic2q1MwGv93jQGFFo8uLlA==",
      "dev": true
    }
  },
  "dependencies": {
    "jquery": {
      "version": "3.6.3",
      "resolved": "https://registry.npmjs.org/jquery/-/jquery-3.6.3.tgz",
      "integrity": "sha512-bZ5Sy3YzKo9Fyc8wH2iIQK4JImJ6R0GWI9kL1/k7Z91ZBNgkRXE6U0JfHIizZbort8ZunhSI3jw9I6253ahKfg=="
    },
    "jquery-timepicker": {
      "version": "1.3.3",
      "resolved": "https://registry.npmjs.org/jquery-timepicker/-/jquery-timepicker-1.3.3.tgz",
      "integrity": "sha512-yNIFmG80xyW6W4UNYUFBSQFfnjlz07MSIZRk3GNEnDbqLS0hikTu4l/FKtOMEF9HvP9fQvI27BMMnhiCu6wDsQ==",
      "requires": {
        "jquery": ">= 1.4.3"
      }
    },
    "timepicker-ui": {
      "version": "2.6.1",
      "resolved": "https://registry.npmjs.org/timepicker-ui/-/timepicker-ui-2.6.1.tgz",
      "integrity": "sha512-T199nYp0uyNpKTn37+1DGfgROfsdZYKg3rE6mRmQU095nKDRL0ZSz87/XoT64s6Lic2q1MwGv93jQGFFo8uLlA==",
      "dev": true
    }
  }
}
